
Microsoft Visual Studio Solution File, Format Version 12.00
# Visual Studio Version 16
VisualStudioVersion = 16.0.30320.27
MinimumVisualStudioVersion = 10.0.40219.1
Project("{9A19103F-16F7-4668-BE54-9A1E7A4F7556}") = "SampleConsoleApp", "SampleConsoleApp\SampleConsoleApp.csproj", "{88566465-622C-43DA-93F0-DEBBBCCE709F}"
EndProject
Project("{9A19103F-16F7-4668-BE54-9A1E7A4F7556}") = "EventBridgeBindingGenerator", "EventBridgeBindingGenerator\EventBridgeBindingGenerator.csproj", "{AC31EC09-C54C-40FA-B754-4F26148D03DA}"
EndProject
Project("{2150E333-8FDC-42A3-9474-1A3956D46DE8}") = "Solution Items", "Solution Items", "{CE676BEB-B631-4E28-ADF7-0F4EAF15C693}"
	ProjectSection(SolutionItems) = preProject
		README.md = README.md
	EndProjectSection
EndProject
Global
	GlobalSection(SolutionConfigurationPlatforms) = preSolution
		Debug|Any CPU = Debug|Any CPU
		Release|Any CPU = Release|Any CPU
	EndGlobalSection
	GlobalSection(ProjectConfigurationPlatforms) = postSolution
		{88566465-622C-43DA-93F0-DEBBBCCE709F}.Debug|Any CPU.ActiveCfg = Debug|Any CPU
		{88566465-622C-43DA-93F0-DEBBBCCE709F}.Debug|Any CPU.Build.0 = Debug|Any CPU
		{88566465-622C-43DA-93F0-DEBBBCCE709F}.Release|Any CPU.ActiveCfg = Release|Any CPU
		{88566465-622C-43DA-93F0-DEBBBCCE709F}.Release|Any CPU.Build.0 = Release|Any CPU
		{AC31EC09-C54C-40FA-B754-4F26148D03DA}.Debug|Any CPU.ActiveCfg = Debug|Any CPU
		{AC31EC09-C54C-40FA-B754-4F26148D03DA}.Debug|Any CPU.Build.0 = Debug|Any CPU
		{AC31EC09-C54C-40FA-B754-4F26148D03DA}.Release|Any CPU.ActiveCfg = Release|Any CPU
		{AC31EC09-C54C-40FA-B754-4F26148D03DA}.Release|Any CPU.Build.0 = Release|Any CPU
	EndGlobalSection
	GlobalSection(SolutionProperties) = preSolution
		HideSolutionNode = FALSE
	EndGlobalSection
	GlobalSection(ExtensibilityGlobals) = postSolution
		SolutionGuid = {BCF4C88D-6CD6-48A6-A660-83F24262EBF7}
	EndGlobalSection
EndGlobal
